
Microsoft Visual Studio Solution File, Format Version 12.00
# Visual Studio Version 17
VisualStudioVersion = 17.7.34031.279
MinimumVisualStudioVersion = 10.0.40219.1
Project("{F184B08F-C81C-45F6-A57F-5ABD9991F28F}") = "23_09_22-Actividad", "23_09_22-Actividad.vbproj", "{2918AAC6-F0FE-4DA5-A7D0-81F486463826}"
EndProject
Global
	GlobalSection(SolutionConfigurationPlatforms) = preSolution
		Debug|Any CPU = Debug|Any CPU
		Release|Any CPU = Release|Any CPU
	EndGlobalSection
	GlobalSection(ProjectConfigurationPlatforms) = postSolution
		{2918AAC6-F0FE-4DA5-A7D0-81F486463826}.Debug|Any CPU.ActiveCfg = Debug|Any CPU
		{2918AAC6-F0FE-4DA5-A7D0-81F486463826}.Debug|Any CPU.Build.0 = Debug|Any CPU
		{2918AAC6-F0FE-4DA5-A7D0-81F486463826}.Release|Any CPU.ActiveCfg = Release|Any CPU
		{2918AAC6-F0FE-4DA5-A7D0-81F486463826}.Release|Any CPU.Build.0 = Release|Any CPU
	EndGlobalSection
	GlobalSection(SolutionProperties) = preSolution
		HideSolutionNode = FALSE
	EndGlobalSection
	GlobalSection(ExtensibilityGlobals) = postSolution
		SolutionGuid = {5276FD16-89B9-4EDA-A752-F46816B3E69C}
	EndGlobalSection
EndGlobal
